
Microsoft Visual Studio Solution File, Format Version 12.00
# Visual Studio 15
VisualStudioVersion = 15.0.28010.2046
MinimumVisualStudioVersion = 10.0.40219.1
Project("{9A19103F-16F7-4668-BE54-9A1E7A4F7556}") = "LindaWallace.Assets.Domain", "LindaWallace.Assets.Domain\LindaWallace.Assets.Domain.csproj", "{9B50E36C-C676-460B-965A-C500FA37030F}"
EndProject
Project("{9A19103F-16F7-4668-BE54-9A1E7A4F7556}") = "LindaWallace.Assets.Data", "LindaWallace.Assets.Data\LindaWallace.Assets.Data.csproj", "{45C358A7-7452-4DF8-9A64-BFAD7572158A}"
EndProject
Project("{FAE04EC0-301F-11D3-BF4B-00C04F79EFBC}") = "LindaWallace.Assets.App", "LindaWallace.Assets.App\LindaWallace.Assets.App.csproj", "{B82DFA00-9FA2-497C-B227-F77035DA86FB}"
EndProject
Project("{FAE04EC0-301F-11D3-BF4B-00C04F79EFBC}") = "LindaWallace.Assets.BLL", "LindaWallace.Assets.BLL\LindaWallace.Assets.BLL.csproj", "{FD6CC1FC-88DA-4619-938F-EDDAB2373726}"
EndProject
Global
	GlobalSection(SolutionConfigurationPlatforms) = preSolution
		Debug|Any CPU = Debug|Any CPU
		Release|Any CPU = Release|Any CPU
	EndGlobalSection
	GlobalSection(ProjectConfigurationPlatforms) = postSolution
		{9B50E36C-C676-460B-965A-C500FA37030F}.Debug|Any CPU.ActiveCfg = Debug|Any CPU
		{9B50E36C-C676-460B-965A-C500FA37030F}.Debug|Any CPU.Build.0 = Debug|Any CPU
		{9B50E36C-C676-460B-965A-C500FA37030F}.Release|Any CPU.ActiveCfg = Release|Any CPU
		{9B50E36C-C676-460B-965A-C500FA37030F}.Release|Any CPU.Build.0 = Release|Any CPU
		{45C358A7-7452-4DF8-9A64-BFAD7572158A}.Debug|Any CPU.ActiveCfg = Debug|Any CPU
		{45C358A7-7452-4DF8-9A64-BFAD7572158A}.Debug|Any CPU.Build.0 = Debug|Any CPU
		{45C358A7-7452-4DF8-9A64-BFAD7572158A}.Release|Any CPU.ActiveCfg = Release|Any CPU
		{45C358A7-7452-4DF8-9A64-BFAD7572158A}.Release|Any CPU.Build.0 = Release|Any CPU
		{B82DFA00-9FA2-497C-B227-F77035DA86FB}.Debug|Any CPU.ActiveCfg = Debug|Any CPU
		{B82DFA00-9FA2-497C-B227-F77035DA86FB}.Debug|Any CPU.Build.0 = Debug|Any CPU
		{B82DFA00-9FA2-497C-B227-F77035DA86FB}.Release|Any CPU.ActiveCfg = Release|Any CPU
		{B82DFA00-9FA2-497C-B227-F77035DA86FB}.Release|Any CPU.Build.0 = Release|Any CPU
		{FD6CC1FC-88DA-4619-938F-EDDAB2373726}.Debug|Any CPU.ActiveCfg = Debug|Any CPU
		{FD6CC1FC-88DA-4619-938F-EDDAB2373726}.Debug|Any CPU.Build.0 = Debug|Any CPU
		{FD6CC1FC-88DA-4619-938F-EDDAB2373726}.Release|Any CPU.ActiveCfg = Release|Any CPU
		{FD6CC1FC-88DA-4619-938F-EDDAB2373726}.Release|Any CPU.Build.0 = Release|Any CPU
	EndGlobalSection
	GlobalSection(SolutionProperties) = preSolution
		HideSolutionNode = FALSE
	EndGlobalSection
	GlobalSection(ExtensibilityGlobals) = postSolution
		SolutionGuid = {088775F5-7841-4859-995C-9088947501C4}
	EndGlobalSection
EndGlobal
